
Microsoft Visual Studio Solution File, Format Version 12.00
# Visual Studio 15
VisualStudioVersion = 15.0.27703.2035
MinimumVisualStudioVersion = 10.0.40219.1
Project("{FAE04EC0-301F-11D3-BF4B-00C04F79EFBC}") = "DotnetExerciseSolutions", "DotnetExerciseSolutions\DotnetExerciseSolutions.csproj", "{F2552685-584C-49A3-97C9-2CB2ABDF28D2}"
EndProject
Global
	GlobalSection(SolutionConfigurationPlatforms) = preSolution
		Debug|Any CPU = Debug|Any CPU
		Release|Any CPU = Release|Any CPU
	EndGlobalSection
	GlobalSection(ProjectConfigurationPlatforms) = postSolution
		{F2552685-584C-49A3-97C9-2CB2ABDF28D2}.Debug|Any CPU.ActiveCfg = Debug|Any CPU
		{F2552685-584C-49A3-97C9-2CB2ABDF28D2}.Debug|Any CPU.Build.0 = Debug|Any CPU
		{F2552685-584C-49A3-97C9-2CB2ABDF28D2}.Release|Any CPU.ActiveCfg = Release|Any CPU
		{F2552685-584C-49A3-97C9-2CB2ABDF28D2}.Release|Any CPU.Build.0 = Release|Any CPU
	EndGlobalSection
	GlobalSection(SolutionProperties) = preSolution
		HideSolutionNode = FALSE
	EndGlobalSection
	GlobalSection(ExtensibilityGlobals) = postSolution
		SolutionGuid = {52390008-ABA7-4AA6-813A-C708351890AA}
	EndGlobalSection
EndGlobal
